
Microsoft Visual Studio Solution File, Format Version 12.00
# Visual Studio 15
VisualStudioVersion = 15.0.26730.12
MinimumVisualStudioVersion = 10.0.40219.1
Project("{FAE04EC0-301F-11D3-BF4B-00C04F79EFBC}") = "Beeffudge", "Beeffudge\Beeffudge.csproj", "{74DCC0E9-E6C6-4513-A3DE-AFA881C85690}"
EndProject
Project("{FAE04EC0-301F-11D3-BF4B-00C04F79EFBC}") = "Beeffudge.Server", "Beeffudge.Server\Beeffudge.Server.csproj", "{5128755C-ED7D-49ED-BC89-DA447D166137}"
EndProject
Global
	GlobalSection(SolutionConfigurationPlatforms) = preSolution
		Debug|Any CPU = Debug|Any CPU
		Release|Any CPU = Release|Any CPU
	EndGlobalSection
	GlobalSection(ProjectConfigurationPlatforms) = postSolution
		{74DCC0E9-E6C6-4513-A3DE-AFA881C85690}.Debug|Any CPU.ActiveCfg = Debug|Any CPU
		{74DCC0E9-E6C6-4513-A3DE-AFA881C85690}.Debug|Any CPU.Build.0 = Debug|Any CPU
		{74DCC0E9-E6C6-4513-A3DE-AFA881C85690}.Release|Any CPU.ActiveCfg = Release|Any CPU
		{74DCC0E9-E6C6-4513-A3DE-AFA881C85690}.Release|Any CPU.Build.0 = Release|Any CPU
		{5128755C-ED7D-49ED-BC89-DA447D166137}.Debug|Any CPU.ActiveCfg = Debug|Any CPU
		{5128755C-ED7D-49ED-BC89-DA447D166137}.Debug|Any CPU.Build.0 = Debug|Any CPU
		{5128755C-ED7D-49ED-BC89-DA447D166137}.Release|Any CPU.ActiveCfg = Release|Any CPU
		{5128755C-ED7D-49ED-BC89-DA447D166137}.Release|Any CPU.Build.0 = Release|Any CPU
	EndGlobalSection
	GlobalSection(SolutionProperties) = preSolution
		HideSolutionNode = FALSE
	EndGlobalSection
	GlobalSection(ExtensibilityGlobals) = postSolution
		SolutionGuid = {A3498042-CCCF-4876-94DC-C2BA3901BD21}
	EndGlobalSection
EndGlobal
